
Microsoft Visual Studio Solution File, Format Version 12.00
# Visual Studio Version 17
VisualStudioVersion = 17.7.34009.444
MinimumVisualStudioVersion = 10.0.40219.1
Project("{FAE04EC0-301F-11D3-BF4B-00C04F79EFBC}") = "WebDBBackup", "WebDBBackup.csproj", "{18FFA6C1-B3A5-4CA9-80E8-75AF7D320557}"
EndProject
Global
	GlobalSection(SolutionConfigurationPlatforms) = preSolution
		Debug|Any CPU = Debug|Any CPU
		Release|Any CPU = Release|Any CPU
	EndGlobalSection
	GlobalSection(ProjectConfigurationPlatforms) = postSolution
		{18FFA6C1-B3A5-4CA9-80E8-75AF7D320557}.Debug|Any CPU.ActiveCfg = Debug|Any CPU
		{18FFA6C1-B3A5-4CA9-80E8-75AF7D320557}.Debug|Any CPU.Build.0 = Debug|Any CPU
		{18FFA6C1-B3A5-4CA9-80E8-75AF7D320557}.Release|Any CPU.ActiveCfg = Release|Any CPU
		{18FFA6C1-B3A5-4CA9-80E8-75AF7D320557}.Release|Any CPU.Build.0 = Release|Any CPU
	EndGlobalSection
	GlobalSection(SolutionProperties) = preSolution
		HideSolutionNode = FALSE
	EndGlobalSection
	GlobalSection(ExtensibilityGlobals) = postSolution
		SolutionGuid = {88FA11BA-BB30-42B0-9CD5-67E6C4D41E8A}
	EndGlobalSection
EndGlobal
